
Microsoft Visual Studio Solution File, Format Version 12.00
Project("{FAE04EC0-301F-11D3-BF4B-00C04F79EFBC}") = "01_Fundamentals", "01_Fundamentals\01_Fundamentals.csproj", "{DFB0859D-3AFC-4B1C-A51D-0D7529DAA1DD}"
EndProject
Project("{FAE04EC0-301F-11D3-BF4B-00C04F79EFBC}") = "01_TodoList", "01_TodoList\01_TodoList.csproj", "{C1E042DD-63F8-4F3F-9858-C69953D1A9FD}"
EndProject
Project("{FAE04EC0-301F-11D3-BF4B-00C04F79EFBC}") = "02_BasicsOfOOP", "02_BasicsOfOOP\02_BasicsOfOOP.csproj", "{9E2B30A9-B41E-443A-8C90-F685C846DA99}"
EndProject
Project("{FAE04EC0-301F-11D3-BF4B-00C04F79EFBC}") = "02_NamesBeforeRefactorToSRP", "02_NamesBeforeRefactorToSRP\02_NamesBeforeRefactorToSRP.csproj", "{BDAA3F69-4F4B-4358-9EE6-333EA20DA40B}"
EndProject
Project("{FAE04EC0-301F-11D3-BF4B-00C04F79EFBC}") = "02_NamesAfterRefactorToSRP", "02_NamesAfterRefactorToSRP\02_NamesAfterRefactorToSRP.csproj", "{8F842426-E117-404D-A81A-91E8AA69FE4F}"
EndProject
Project("{FAE04EC0-301F-11D3-BF4B-00C04F79EFBC}") = "02_DiceRollGame", "02_DiceRollGame\02_DiceRollGame.csproj", "{B253DF11-EC7E-4E3F-AFE8-897B520EBDBE}"
EndProject
Global
	GlobalSection(SolutionConfigurationPlatforms) = preSolution
		Debug|Any CPU = Debug|Any CPU
		Release|Any CPU = Release|Any CPU
	EndGlobalSection
	GlobalSection(ProjectConfigurationPlatforms) = postSolution
		{DFB0859D-3AFC-4B1C-A51D-0D7529DAA1DD}.Debug|Any CPU.ActiveCfg = Debug|Any CPU
		{DFB0859D-3AFC-4B1C-A51D-0D7529DAA1DD}.Debug|Any CPU.Build.0 = Debug|Any CPU
		{DFB0859D-3AFC-4B1C-A51D-0D7529DAA1DD}.Release|Any CPU.ActiveCfg = Release|Any CPU
		{DFB0859D-3AFC-4B1C-A51D-0D7529DAA1DD}.Release|Any CPU.Build.0 = Release|Any CPU
		{C1E042DD-63F8-4F3F-9858-C69953D1A9FD}.Debug|Any CPU.ActiveCfg = Debug|Any CPU
		{C1E042DD-63F8-4F3F-9858-C69953D1A9FD}.Debug|Any CPU.Build.0 = Debug|Any CPU
		{C1E042DD-63F8-4F3F-9858-C69953D1A9FD}.Release|Any CPU.ActiveCfg = Release|Any CPU
		{C1E042DD-63F8-4F3F-9858-C69953D1A9FD}.Release|Any CPU.Build.0 = Release|Any CPU
		{9E2B30A9-B41E-443A-8C90-F685C846DA99}.Debug|Any CPU.ActiveCfg = Debug|Any CPU
		{9E2B30A9-B41E-443A-8C90-F685C846DA99}.Debug|Any CPU.Build.0 = Debug|Any CPU
		{9E2B30A9-B41E-443A-8C90-F685C846DA99}.Release|Any CPU.ActiveCfg = Release|Any CPU
		{9E2B30A9-B41E-443A-8C90-F685C846DA99}.Release|Any CPU.Build.0 = Release|Any CPU
		{BDAA3F69-4F4B-4358-9EE6-333EA20DA40B}.Debug|Any CPU.ActiveCfg = Debug|Any CPU
		{BDAA3F69-4F4B-4358-9EE6-333EA20DA40B}.Debug|Any CPU.Build.0 = Debug|Any CPU
		{BDAA3F69-4F4B-4358-9EE6-333EA20DA40B}.Release|Any CPU.ActiveCfg = Release|Any CPU
		{BDAA3F69-4F4B-4358-9EE6-333EA20DA40B}.Release|Any CPU.Build.0 = Release|Any CPU
		{8F842426-E117-404D-A81A-91E8AA69FE4F}.Debug|Any CPU.ActiveCfg = Debug|Any CPU
		{8F842426-E117-404D-A81A-91E8AA69FE4F}.Debug|Any CPU.Build.0 = Debug|Any CPU
		{8F842426-E117-404D-A81A-91E8AA69FE4F}.Release|Any CPU.ActiveCfg = Release|Any CPU
		{8F842426-E117-404D-A81A-91E8AA69FE4F}.Release|Any CPU.Build.0 = Release|Any CPU
		{B253DF11-EC7E-4E3F-AFE8-897B520EBDBE}.Debug|Any CPU.ActiveCfg = Debug|Any CPU
		{B253DF11-EC7E-4E3F-AFE8-897B520EBDBE}.Debug|Any CPU.Build.0 = Debug|Any CPU
		{B253DF11-EC7E-4E3F-AFE8-897B520EBDBE}.Release|Any CPU.ActiveCfg = Release|Any CPU
		{B253DF11-EC7E-4E3F-AFE8-897B520EBDBE}.Release|Any CPU.Build.0 = Release|Any CPU
	EndGlobalSection
EndGlobal
